// !$*UTF8*$!
{
	archiveVersion = 1;
	classes = {
	};
	objectVersion = 56;
	objects = {

/* Begin PBXBuildFile section */
		3FBBB8562CCAF61C00962866 /* SecondViewController.swift in Sources */ = {isa = PBXBuildFile; fileRef = 3FBBB8552CCAF61C00962866 /* SecondViewController.swift */; };
		3FD4F5632CEE8DF80037845D /* HistoryTableViewController.swift in Sources */ = {isa = PBXBuildFile; fileRef = 3FD4F5622CEE8DF80037845D /* HistoryTableViewController.swift */; };
		3FD4F5652CEE927A0037845D /* Game.swift in Sources */ = {isa = PBXBuildFile; fileRef = 3FD4F5642CEE927A0037845D /* Game.swift */; };
		3FD4F5672CEE9B5B0037845D /* HistoryTableViewCell.swift in Sources */ = {isa = PBXBuildFile; fileRef = 3FD4F5662CEE9B5B0037845D /* HistoryTableViewCell.swift */; };
		3FE56CCB2CCAB6B300447C05 /* AppDelegate.swift in Sources */ = {isa = PBXBuildFile; fileRef = 3FE56CCA2CCAB6B300447C05 /* AppDelegate.swift */; };
		3FE56CCD2CCAB6B300447C05 /* SceneDelegate.swift in Sources */ = {isa = PBXBuildFile; fileRef = 3FE56CCC2CCAB6B300447C05 /* SceneDelegate.swift */; };
		3FE56CCF2CCAB6B300447C05 /* ViewController.swift in Sources */ = {isa = PBXBuildFile; fileRef = 3FE56CCE2CCAB6B300447C05 /* ViewController.swift */; };
		3FE56CD22CCAB6B300447C05 /* Base in Resources */ = {isa = PBXBuildFile; fileRef = 3FE56CD12CCAB6B300447C05 /* Base */; };
		3FE56CD42CCAB6B400447C05 /* Assets.xcassets in Resources */ = {isa = PBXBuildFile; fileRef = 3FE56CD32CCAB6B400447C05 /* Assets.xcassets */; };
		3FE56CD72CCAB6B400447C05 /* Base in Resources */ = {isa = PBXBuildFile; fileRef = 3FE56CD62CCAB6B400447C05 /* Base */; };
/* End PBXBuildFile section */

/* Begin PBXFileReference section */
		3FBBB8552CCAF61C00962866 /* SecondViewController.swift */ = {isa = PBXFileReference; lastKnownFileType = sourcecode.swift; path = SecondViewController.swift; sourceTree = "<group>"; };
		3FD4F5622CEE8DF80037845D /* HistoryTableViewController.swift */ = {isa = PBXFileReference; lastKnownFileType = sourcecode.swift; path = HistoryTableViewController.swift; sourceTree = "<group>"; };
		3FD4F5642CEE927A0037845D /* Game.swift */ = {isa = PBXFileReference; lastKnownFileType = sourcecode.swift; path = Game.swift; sourceTree = "<group>"; };
		3FD4F5662CEE9B5B0037845D /* HistoryTableViewCell.swift */ = {isa = PBXFileReference; lastKnownFileType = sourcecode.swift; path = HistoryTableViewCell.swift; sourceTree = "<group>"; };
		3FE56CC72CCAB6B300447C05 /* SDE200GroupProject.app */ = {isa = PBXFileReference; explicitFileType = wrapper.application; includeInIndex = 0; path = SDE200GroupProject.app; sourceTree = BUILT_PRODUCTS_DIR; };
		3FE56CCA2CCAB6B300447C05 /* AppDelegate.swift */ = {isa = PBXFileReference; lastKnownFileType = sourcecode.swift; path = AppDelegate.swift; sourceTree = "<group>"; };
		3FE56CCC2CCAB6B300447C05 /* SceneDelegate.swift */ = {isa = PBXFileReference; lastKnownFileType = sourcecode.swift; path = SceneDelegate.swift; sourceTree = "<group>"; };
		3FE56CCE2CCAB6B300447C05 /* ViewController.swift */ = {isa = PBXFileReference; lastKnownFileType = sourcecode.swift; path = ViewController.swift; sourceTree = "<group>"; };
		3FE56CD12CCAB6B300447C05 /* Base */ = {isa = PBXFileReference; lastKnownFileType = file.storyboard; name = Base; path = Base.lproj/Main.storyboard; sourceTree = "<group>"; };
		3FE56CD32CCAB6B400447C05 /* Assets.xcassets */ = {isa = PBXFileReference; lastKnownFileType = folder.assetcatalog; path = Assets.xcassets; sourceTree = "<group>"; };
		3FE56CD62CCAB6B400447C05 /* Base */ = {isa = PBXFileReference; lastKnownFileType = file.storyboard; name = Base; path = Base.lproj/LaunchScreen.storyboard; sourceTree = "<group>"; };
		3FE56CD82CCAB6B400447C05 /* Info.plist */ = {isa = PBXFileReference; lastKnownFileType = text.plist.xml; path = Info.plist; sourceTree = "<group>"; };
/* End PBXFileReference section */

/* Begin PBXFrameworksBuildPhase section */
		3FE56CC42CCAB6B300447C05 /* Frameworks */ = {
			isa = PBXFrameworksBuildPhase;
			buildActionMask = 2147483647;
			files = (
			);
			runOnlyForDeploymentPostprocessing = 0;
		};
/* End PBXFrameworksBuildPhase section */

/* Begin PBXGroup section */
		3FE56CBE2CCAB6B300447C05 = {
			isa = PBXGroup;
			children = (
				3FE56CC92CCAB6B300447C05 /* SDE200GroupProject */,
				3FE56CC82CCAB6B300447C05 /* Products */,
			);
			sourceTree = "<group>";
		};
		3FE56CC82CCAB6B300447C05 /* Products */ = {
			isa = PBXGroup;
			children = (
				3FE56CC72CCAB6B300447C05 /* SDE200GroupProject.app */,
			);
			name = Products;
			sourceTree = "<group>";
		};
		3FE56CC92CCAB6B300447C05 /* SDE200GroupProject */ = {
			isa = PBXGroup;
			children = (
				3FE56CCA2CCAB6B300447C05 /* AppDelegate.swift */,
				3FE56CCC2CCAB6B300447C05 /* SceneDelegate.swift */,
				3FE56CCE2CCAB6B300447C05 /* ViewController.swift */,
				3FBBB8552CCAF61C00962866 /* SecondViewController.swift */,
				3FD4F5622CEE8DF80037845D /* HistoryTableViewController.swift */,
				3FE56CD02CCAB6B300447C05 /* Main.storyboard */,
				3FE56CD32CCAB6B400447C05 /* Assets.xcassets */,
				3FE56CD52CCAB6B400447C05 /* LaunchScreen.storyboard */,
				3FE56CD82CCAB6B400447C05 /* Info.plist */,
				3FD4F5642CEE927A0037845D /* Game.swift */,
				3FD4F5662CEE9B5B0037845D /* HistoryTableViewCell.swift */,
			);
			path = SDE200GroupProject;
			sourceTree = "<group>";
		};
/* End PBXGroup section */

/* Begin PBXNativeTarget section */
		3FE56CC62CCAB6B300447C05 /* SDE200GroupProject */ = {
			isa = PBXNativeTarget;
			buildConfigurationList = 3FE56CDB2CCAB6B400447C05 /* Build configuration list for PBXNativeTarget "SDE200GroupProject" */;
			buildPhases = (
				3FE56CC32CCAB6B300447C05 /* Sources */,
				3FE56CC42CCAB6B300447C05 /* Frameworks */,
				3FE56CC52CCAB6B300447C05 /* Resources */,
			);
			buildRules = (
			);
			dependencies = (
			);
			name = SDE200GroupProject;
			productName = SDE200GroupProject;
			productReference = 3FE56CC72CCAB6B300447C05 /* SDE200GroupProject.app */;
			productType = "com.apple.product-type.application";
		};
/* End PBXNativeTarget section */

/* Begin PBXProject section */
		3FE56CBF2CCAB6B300447C05 /* Project object */ = {
			isa = PBXProject;
			attributes = {
				BuildIndependentTargetsInParallel = 1;
				LastSwiftUpdateCheck = 1540;
				LastUpgradeCheck = 1540;
				TargetAttributes = {
					3FE56CC62CCAB6B300447C05 = {
						CreatedOnToolsVersion = 15.4;
					};
				};
			};
			buildConfigurationList = 3FE56CC22CCAB6B300447C05 /* Build configuration list for PBXProject "SDE200GroupProject" */;
			compatibilityVersion = "Xcode 14.0";
			developmentRegion = en;
			hasScannedForEncodings = 0;
			knownRegions = (
				en,
				Base,
			);
			mainGroup = 3FE56CBE2CCAB6B300447C05;
			productRefGroup = 3FE56CC82CCAB6B300447C05 /* Products */;
			projectDirPath = "";
			projectRoot = "";
			targets = (
				3FE56CC62CCAB6B300447C05 /* SDE200GroupProject */,
			);
		};
/* End PBXProject section */

/* Begin PBXResourcesBuildPhase section */
		3FE56CC52CCAB6B300447C05 /* Resources */ = {
			isa = PBXResourcesBuildPhase;
			buildActionMask = 2147483647;
			files = (
				3FE56CD42CCAB6B400447C05 /* Assets.xcassets in Resources */,
				3FE56CD72CCAB6B400447C05 /* Base in Resources */,
				3FE56CD22CCAB6B300447C05 /* Base in Resources */,
			);
			runOnlyForDeploymentPostprocessing = 0;
		};
/* End PBXResourcesBuildPhase section */

/* Begin PBXSourcesBuildPhase section */
		3FE56CC32CCAB6B300447C05 /* Sources */ = {
			isa = PBXSourcesBuildPhase;
			buildActionMask = 2147483647;
			files = (
				3FBBB8562CCAF61C00962866 /* SecondViewController.swift in Sources */,
				3FD4F5652CEE927A0037845D /* Game.swift in Sources */,
				3FD4F5672CEE9B5B0037845D /* HistoryTableViewCell.swift in Sources */,
				3FE56CCF2CCAB6B300447C05 /* ViewController.swift in Sources */,
				3FE56CCB2CCAB6B300447C05 /* AppDelegate.swift in Sources */,
				3FE56CCD2CCAB6B300447C05 /* SceneDelegate.swift in Sources */,
				3FD4F5632CEE8DF80037845D /* HistoryTableViewController.swift in Sources */,
			);
			runOnlyForDeploymentPostprocessing = 0;
		};
/* End PBXSourcesBuildPhase section */

/* Begin PBXVariantGroup section */
		3FE56CD02CCAB6B300447C05 /* Main.storyboard */ = {
			isa = PBXVariantGroup;
			children = (
				3FE56CD12CCAB6B300447C05 /* Base */,
			);
			name = Main.storyboard;
			sourceTree = "<group>";
		};
		3FE56CD52CCAB6B400447C05 /* LaunchScreen.storyboard */ = {
			isa = PBXVariantGroup;
			children = (
				3FE56CD62CCAB6B400447C05 /* Base */,
			);
			name = LaunchScreen.storyboard;
			sourceTree = "<group>";
		};
/* End PBXVariantGroup section */

/* Begin XCBuildConfiguration section */
		3FE56CD92CCAB6B400447C05 /* Debug */ = {
			isa = XCBuildConfiguration;
			buildSettings = {
				ALWAYS_SEARCH_USER_PATHS = NO;
				ASSETCATALOG_COMPILER_GENERATE_SWIFT_ASSET_SYMBOL_EXTENSIONS = YES;
				CLANG_ANALYZER_NONNULL = YES;
				CLANG_ANALYZER_NUMBER_OBJECT_CONVERSION = YES_AGGRESSIVE;
				CLANG_CXX_LANGUAGE_STANDARD = "gnu++20";
				CLANG_ENABLE_MODULES = YES;
				CLANG_ENABLE_OBJC_ARC = YES;
				CLANG_ENABLE_OBJC_WEAK = YES;
				CLANG_WARN_BLOCK_CAPTURE_AUTORELEASING = YES;
				CLANG_WARN_BOOL_CONVERSION = YES;
				CLANG_WARN_COMMA = YES;
				CLANG_WARN_CONSTANT_CONVERSION = YES;
				CLANG_WARN_DEPRECATED_OBJC_IMPLEMENTATIONS = YES;
				CLANG_WARN_DIRECT_OBJC_ISA_USAGE = YES_ERROR;
				CLANG_WARN_DOCUMENTATION_COMMENTS = YES;
				CLANG_WARN_EMPTY_BODY = YES;
				CLANG_WARN_ENUM_CONVERSION = YES;
				CLANG_WARN_INFINITE_RECURSION = YES;
				CLANG_WARN_INT_CONVERSION = YES;
				CLANG_WARN_NON_LITERAL_NULL_CONVERSION = YES;
				CLANG_WARN_OBJC_IMPLICIT_RETAIN_SELF = YES;
				CLANG_WARN_OBJC_LITERAL_CONVERSION = YES;
				CLANG_WARN_OBJC_ROOT_CLASS = YES_ERROR;
				CLANG_WARN_QUOTED_INCLUDE_IN_FRAMEWORK_HEADER = YES;
				CLANG_WARN_RANGE_LOOP_ANALYSIS = YES;
				CLANG_WARN_STRICT_PROTOTYPES = YES;
				CLANG_WARN_SUSPICIOUS_MOVE = YES;
				CLANG_WARN_UNGUARDED_AVAILABILITY = YES_AGGRESSIVE;
				CLANG_WARN_UNREACHABLE_CODE = YES;
				CLANG_WARN__DUPLICATE_METHOD_MATCH = YES;
				COPY_PHASE_STRIP = NO;
				DEBUG_INFORMATION_FORMAT = dwarf;
				ENABLE_STRICT_OBJC_MSGSEND = YES;
				ENABLE_TESTABILITY = YES;
				ENABLE_USER_SCRIPT_SANDBOXING = YES;
				GCC_C_LANGUAGE_STANDARD = gnu17;
				GCC_DYNAMIC_NO_PIC = NO;
				GCC_NO_COMMON_BLOCKS = YES;
				GCC_OPTIMIZATION_LEVEL = 0;
				GCC_PREPROCESSOR_DEFINITIONS = (
					"DEBUG=1",
					"$(inherited)",
				);
				GCC_WARN_64_TO_32_BIT_CONVERSION = YES;
				GCC_WARN_ABOUT_RETURN_TYPE = YES_ERROR;
				GCC_WARN_UNDECLARED_SELECTOR = YES;
				GCC_WARN_UNINITIALIZED_AUTOS = YES_AGGRESSIVE;
				GCC_WARN_UNUSED_FUNCTION = YES;
				GCC_WARN_UNUSED_VARIABLE = YES;
				IPHONEOS_DEPLOYMENT_TARGET = 17.5;
				LOCALIZATION_PREFERS_STRING_CATALOGS = YES;
				MTL_ENABLE_DEBUG_INFO = INCLUDE_SOURCE;
				MTL_FAST_MATH = YES;
				ONLY_ACTIVE_ARCH = YES;
				SDKROOT = iphoneos;
				SWIFT_ACTIVE_COMPILATION_CONDITIONS = "DEBUG $(inherited)";
				SWIFT_OPTIMIZATION_LEVEL = "-Onone";
			};
			name = Debug;
		};
		3FE56CDA2CCAB6B400447C05 /* Release */ = {
			isa = XCBuildConfiguration;
			buildSettings = {
				ALWAYS_SEARCH_USER_PATHS = NO;
				ASSETCATALOG_COMPILER_GENERATE_SWIFT_ASSET_SYMBOL_EXTENSIONS = YES;
				CLANG_ANALYZER_NONNULL = YES;
				CLANG_ANALYZER_NUMBER_OBJECT_CONVERSION = YES_AGGRESSIVE;
				CLANG_CXX_LANGUAGE_STANDARD = "gnu++20";
				CLANG_ENABLE_MODULES = YES;
				CLANG_ENABLE_OBJC_ARC = YES;
				CLANG_ENABLE_OBJC_WEAK = YES;
				CLANG_WARN_BLOCK_CAPTURE_AUTORELEASING = YES;
				CLANG_WARN_BOOL_CONVERSION = YES;
				CLANG_WARN_COMMA = YES;
				CLANG_WARN_CONSTANT_CONVERSION = YES;
				CLANG_WARN_DEPRECATED_OBJC_IMPLEMENTATIONS = YES;
				CLANG_WARN_DIRECT_OBJC_ISA_USAGE = YES_ERROR;
				CLANG_WARN_DOCUMENTATION_COMMENTS = YES;
				CLANG_WARN_EMPTY_BODY = YES;
				CLANG_WARN_ENUM_CONVERSION = YES;
				CLANG_WARN_INFINITE_RECURSION = YES;
				CLANG_WARN_INT_CONVERSION = YES;
				CLANG_WARN_NON_LITERAL_NULL_CONVERSION = YES;
				CLANG_WARN_OBJC_IMPLICIT_RETAIN_SELF = YES;
				CLANG_WARN_OBJC_LITERAL_CONVERSION = YES;
				CLANG_WARN_OBJC_ROOT_CLASS = YES_ERROR;
				CLANG_WARN_QUOTED_INCLUDE_IN_FRAMEWORK_HEADER = YES;
				CLANG_WARN_RANGE_LOOP_ANALYSIS = YES;
				CLANG_WARN_STRICT_PROTOTYPES = YES;
				CLANG_WARN_SUSPICIOUS_MOVE = YES;
				CLANG_WARN_UNGUARDED_AVAILABILITY = YES_AGGRESSIVE;
				CLANG_WARN_UNREACHABLE_CODE = YES;
				CLANG_WARN__DUPLICATE_METHOD_MATCH = YES;
				COPY_PHASE_STRIP = NO;
				DEBUG_INFORMATION_FORMAT = "dwarf-with-dsym";
				ENABLE_NS_ASSERTIONS = NO;
				ENABLE_STRICT_OBJC_MSGSEND = YES;
				ENABLE_USER_SCRIPT_SANDBOXING = YES;
				GCC_C_LANGUAGE_STANDARD = gnu17;
				GCC_NO_COMMON_BLOCKS = YES;
				GCC_WARN_64_TO_32_BIT_CONVERSION = YES;
				GCC_WARN_ABOUT_RETURN_TYPE = YES_ERROR;
				GCC_WARN_UNDECLARED_SELECTOR = YES;
				GCC_WARN_UNINITIALIZED_AUTOS = YES_AGGRESSIVE;
				GCC_WARN_UNUSED_FUNCTION = YES;
				GCC_WARN_UNUSED_VARIABLE = YES;
				IPHONEOS_DEPLOYMENT_TARGET = 17.5;
				LOCALIZATION_PREFERS_STRING_CATALOGS = YES;
				MTL_ENABLE_DEBUG_INFO = NO;
				MTL_FAST_MATH = YES;
				SDKROOT = iphoneos;
				SWIFT_COMPILATION_MODE = wholemodule;
				VALIDATE_PRODUCT = YES;
			};
			name = Release;
		};
		3FE56CDC2CCAB6B400447C05 /* Debug */ = {
			isa = XCBuildConfiguration;
			buildSettings = {
				ASSETCATALOG_COMPILER_APPICON_NAME = AppIcon;
				ASSETCATALOG_COMPILER_GLOBAL_ACCENT_COLOR_NAME = AccentColor;
				CODE_SIGN_STYLE = Automatic;
				CURRENT_PROJECT_VERSION = 1;
				GENERATE_INFOPLIST_FILE = YES;
				INFOPLIST_FILE = SDE200GroupProject/Info.plist;
				INFOPLIST_KEY_UIApplicationSupportsIndirectInputEvents = YES;
				INFOPLIST_KEY_UILaunchStoryboardName = LaunchScreen;
				INFOPLIST_KEY_UIMainStoryboardFile = Main;
				INFOPLIST_KEY_UISupportedInterfaceOrientations_iPad = "UIInterfaceOrientationPortrait UIInterfaceOrientationPortraitUpsideDown UIInterfaceOrientationLandscapeLeft UIInterfaceOrientationLandscapeRight";
				INFOPLIST_KEY_UISupportedInterfaceOrientations_iPhone = "UIInterfaceOrientationPortrait UIInterfaceOrientationLandscapeLeft UIInterfaceOrientationLandscapeRight";
				LD_RUNPATH_SEARCH_PATHS = (
					"$(inherited)",
					"@executable_path/Frameworks",
				);
				MARKETING_VERSION = 1.0;
				PRODUCT_BUNDLE_IDENTIFIER = gmBRCTC.SDE200GroupProject;
				PRODUCT_NAME = "$(TARGET_NAME)";
				SWIFT_EMIT_LOC_STRINGS = YES;
				SWIFT_VERSION = 5.0;
				TARGETED_DEVICE_FAMILY = "1,2";
			};
			name = Debug;
		};
		3FE56CDD2CCAB6B400447C05 /* Release */ = {
			isa = XCBuildConfiguration;
			buildSettings = {
				ASSETCATALOG_COMPILER_APPICON_NAME = AppIcon;
				ASSETCATALOG_COMPILER_GLOBAL_ACCENT_COLOR_NAME = AccentColor;
				CODE_SIGN_STYLE = Automatic;
				CURRENT_PROJECT_VERSION = 1;
				GENERATE_INFOPLIST_FILE = YES;
				INFOPLIST_FILE = SDE200GroupProject/Info.plist;
				INFOPLIST_KEY_UIApplicationSupportsIndirectInputEvents = YES;
				INFOPLIST_KEY_UILaunchStoryboardName = LaunchScreen;
				INFOPLIST_KEY_UIMainStoryboardFile = Main;
				INFOPLIST_KEY_UISupportedInterfaceOrientations_iPad = "UIInterfaceOrientationPortrait UIInterfaceOrientationPortraitUpsideDown UIInterfaceOrientationLandscapeLeft UIInterfaceOrientationLandscapeRight";
				INFOPLIST_KEY_UISupportedInterfaceOrientations_iPhone = "UIInterfaceOrientationPortrait UIInterfaceOrientationLandscapeLeft UIInterfaceOrientationLandscapeRight";
				LD_RUNPATH_SEARCH_PATHS = (
					"$(inherited)",
					"@executable_path/Frameworks",
				);
				MARKETING_VERSION = 1.0;
				PRODUCT_BUNDLE_IDENTIFIER = gmBRCTC.SDE200GroupProject;
				PRODUCT_NAME = "$(TARGET_NAME)";
				SWIFT_EMIT_LOC_STRINGS = YES;
				SWIFT_VERSION = 5.0;
				TARGETED_DEVICE_FAMILY = "1,2";
			};
			name = Release;
		};
/* End XCBuildConfiguration section */

/* Begin XCConfigurationList section */
		3FE56CC22CCAB6B300447C05 /* Build configuration list for PBXProject "SDE200GroupProject" */ = {
			isa = XCConfigurationList;
			buildConfigurations = (
				3FE56CD92CCAB6B400447C05 /* Debug */,
				3FE56CDA2CCAB6B400447C05 /* Release */,
			);
			defaultConfigurationIsVisible = 0;
			defaultConfigurationName = Release;
		};
		3FE56CDB2CCAB6B400447C05 /* Build configuration list for PBXNativeTarget "SDE200GroupProject" */ = {
			isa = XCConfigurationList;
			buildConfigurations = (
				3FE56CDC2CCAB6B400447C05 /* Debug */,
				3FE56CDD2CCAB6B400447C05 /* Release */,
			);
			defaultConfigurationIsVisible = 0;
			defaultConfigurationName = Release;
		};
/* End XCConfigurationList section */
	};
	rootObject = 3FE56CBF2CCAB6B300447C05 /* Project object */;
}
